
Microsoft Visual Studio Solution File, Format Version 12.00
# Visual Studio Version 17
VisualStudioVersion = 17.14.36408.4
MinimumVisualStudioVersion = 10.0.40219.1
Project("{FAE04EC0-301F-11D3-BF4B-00C04F79EFBC}") = "LibraryManagementSystem", "LibraryManagementSystem\LibraryManagementSystem.csproj", "{3ADBFD61-AAC7-4401-96F4-57226FA9583D}"
EndProject
Project("{FAE04EC0-301F-11D3-BF4B-00C04F79EFBC}") = "LibraryManagementSystem.Tests", "LibraryManagementSystem.Tests\LibraryManagementSystem.Tests.csproj", "{4C4C4975-97B4-4885-A1DA-E032DA9D75F8}"
EndProject
Global
	GlobalSection(SolutionConfigurationPlatforms) = preSolution
		Debug|Any CPU = Debug|Any CPU
		Release|Any CPU = Release|Any CPU
	EndGlobalSection
	GlobalSection(ProjectConfigurationPlatforms) = postSolution
		{3ADBFD61-AAC7-4401-96F4-57226FA9583D}.Debug|Any CPU.ActiveCfg = Debug|Any CPU
		{3ADBFD61-AAC7-4401-96F4-57226FA9583D}.Debug|Any CPU.Build.0 = Debug|Any CPU
		{3ADBFD61-AAC7-4401-96F4-57226FA9583D}.Release|Any CPU.ActiveCfg = Release|Any CPU
		{3ADBFD61-AAC7-4401-96F4-57226FA9583D}.Release|Any CPU.Build.0 = Release|Any CPU
		{4C4C4975-97B4-4885-A1DA-E032DA9D75F8}.Debug|Any CPU.ActiveCfg = Debug|Any CPU
		{4C4C4975-97B4-4885-A1DA-E032DA9D75F8}.Debug|Any CPU.Build.0 = Debug|Any CPU
		{4C4C4975-97B4-4885-A1DA-E032DA9D75F8}.Release|Any CPU.ActiveCfg = Release|Any CPU
		{4C4C4975-97B4-4885-A1DA-E032DA9D75F8}.Release|Any CPU.Build.0 = Release|Any CPU
	EndGlobalSection
	GlobalSection(SolutionProperties) = preSolution
		HideSolutionNode = FALSE
	EndGlobalSection
	GlobalSection(ExtensibilityGlobals) = postSolution
		SolutionGuid = {8ED9890B-72AC-4126-98B6-8C8F7E68CAD9}
	EndGlobalSection
EndGlobal
